
Microsoft Visual Studio Solution File, Format Version 12.00
# Visual Studio 15
VisualStudioVersion = 15.0.28307.645
MinimumVisualStudioVersion = 10.0.40219.1
Project("{FAE04EC0-301F-11D3-BF4B-00C04F79EFBC}") = "Nrnm.Web", "Nrnm.Web\Nrnm.Web.csproj", "{75893A00-7795-4841-BDF8-BB1319F8E900}"
EndProject
Project("{FAE04EC0-301F-11D3-BF4B-00C04F79EFBC}") = "Nrnm.Data", "Nrnm.Data\Nrnm.Data.csproj", "{C1771BBC-9A40-49A1-833B-FE6ED2FDB185}"
EndProject
Project("{FAE04EC0-301F-11D3-BF4B-00C04F79EFBC}") = "Nrnm.Services", "Nrnm.Services\Nrnm.Services.csproj", "{7A855CDD-9E7B-4AA9-8DA0-B249A55BACC1}"
EndProject
Project("{FAE04EC0-301F-11D3-BF4B-00C04F79EFBC}") = "Nrnm.Common", "Nrnm.Common\Nrnm.Common.csproj", "{7DAF76CF-2424-4127-8575-4CEBC172DCD9}"
EndProject
Global
	GlobalSection(SolutionConfigurationPlatforms) = preSolution
		Debug|Any CPU = Debug|Any CPU
		Release|Any CPU = Release|Any CPU
	EndGlobalSection
	GlobalSection(ProjectConfigurationPlatforms) = postSolution
		{75893A00-7795-4841-BDF8-BB1319F8E900}.Debug|Any CPU.ActiveCfg = Debug|Any CPU
		{75893A00-7795-4841-BDF8-BB1319F8E900}.Debug|Any CPU.Build.0 = Debug|Any CPU
		{75893A00-7795-4841-BDF8-BB1319F8E900}.Release|Any CPU.ActiveCfg = Release|Any CPU
		{75893A00-7795-4841-BDF8-BB1319F8E900}.Release|Any CPU.Build.0 = Release|Any CPU
		{C1771BBC-9A40-49A1-833B-FE6ED2FDB185}.Debug|Any CPU.ActiveCfg = Debug|Any CPU
		{C1771BBC-9A40-49A1-833B-FE6ED2FDB185}.Debug|Any CPU.Build.0 = Debug|Any CPU
		{C1771BBC-9A40-49A1-833B-FE6ED2FDB185}.Release|Any CPU.ActiveCfg = Release|Any CPU
		{C1771BBC-9A40-49A1-833B-FE6ED2FDB185}.Release|Any CPU.Build.0 = Release|Any CPU
		{7A855CDD-9E7B-4AA9-8DA0-B249A55BACC1}.Debug|Any CPU.ActiveCfg = Debug|Any CPU
		{7A855CDD-9E7B-4AA9-8DA0-B249A55BACC1}.Debug|Any CPU.Build.0 = Debug|Any CPU
		{7A855CDD-9E7B-4AA9-8DA0-B249A55BACC1}.Release|Any CPU.ActiveCfg = Release|Any CPU
		{7A855CDD-9E7B-4AA9-8DA0-B249A55BACC1}.Release|Any CPU.Build.0 = Release|Any CPU
		{7DAF76CF-2424-4127-8575-4CEBC172DCD9}.Debug|Any CPU.ActiveCfg = Debug|Any CPU
		{7DAF76CF-2424-4127-8575-4CEBC172DCD9}.Debug|Any CPU.Build.0 = Debug|Any CPU
		{7DAF76CF-2424-4127-8575-4CEBC172DCD9}.Release|Any CPU.ActiveCfg = Release|Any CPU
		{7DAF76CF-2424-4127-8575-4CEBC172DCD9}.Release|Any CPU.Build.0 = Release|Any CPU
	EndGlobalSection
	GlobalSection(SolutionProperties) = preSolution
		HideSolutionNode = FALSE
	EndGlobalSection
	GlobalSection(ExtensibilityGlobals) = postSolution
		SolutionGuid = {3FEA1139-DA1B-43C7-ADD9-DC3DD6B3B06F}
	EndGlobalSection
EndGlobal
